// !$*UTF8*$!
{
	archiveVersion = 1;
	classes = {
	};
	objectVersion = 46;
	objects = {

/* Begin PBXBuildFile section */
		F48BDF701CBF1E3200BD2BF2 /* main.m in Sources */ = {isa = PBXBuildFile; fileRef = F48BDF6F1CBF1E3200BD2BF2 /* main.m */; };
		F48BDF731CBF1E3200BD2BF2 /* AppDelegate.m in Sources */ = {isa = PBXBuildFile; fileRef = F48BDF721CBF1E3200BD2BF2 /* AppDelegate.m */; };
		F48BDF761CBF1E3200BD2BF2 /* FirstViewController.m in Sources */ = {isa = PBXBuildFile; fileRef = F48BDF751CBF1E3200BD2BF2 /* FirstViewController.m */; };
		F48BDF791CBF1E3200BD2BF2 /* SecondViewController.m in Sources */ = {isa = PBXBuildFile; fileRef = F48BDF781CBF1E3200BD2BF2 /* SecondViewController.m */; };
		F48BDF7C1CBF1E3200BD2BF2 /* Main.storyboard in Resources */ = {isa = PBXBuildFile; fileRef = F48BDF7A1CBF1E3200BD2BF2 /* Main.storyboard */; };
		F48BDF7E1CBF1E3200BD2BF2 /* Assets.xcassets in Resources */ = {isa = PBXBuildFile; fileRef = F48BDF7D1CBF1E3200BD2BF2 /* Assets.xcassets */; };
		F48BDF811CBF1E3200BD2BF2 /* LaunchScreen.storyboard in Resources */ = {isa = PBXBuildFile; fileRef = F48BDF7F1CBF1E3200BD2BF2 /* LaunchScreen.storyboard */; };
		F48BDF8C1CBF1E3200BD2BF2 /* GUI_FoodCart_TrackerTests.m in Sources */ = {isa = PBXBuildFile; fileRef = F48BDF8B1CBF1E3200BD2BF2 /* GUI_FoodCart_TrackerTests.m */; };
		F48BDF971CBF1E3200BD2BF2 /* GUI_FoodCart_TrackerUITests.m in Sources */ = {isa = PBXBuildFile; fileRef = F48BDF961CBF1E3200BD2BF2 /* GUI_FoodCart_TrackerUITests.m */; };
/* End PBXBuildFile section */

/* Begin PBXContainerItemProxy section */
		F48BDF881CBF1E3200BD2BF2 /* PBXContainerItemProxy */ = {
			isa = PBXContainerItemProxy;
			containerPortal = F48BDF631CBF1E3200BD2BF2 /* Project object */;
			proxyType = 1;
			remoteGlobalIDString = F48BDF6A1CBF1E3200BD2BF2;
			remoteInfo = GUI_FoodCart_Tracker;
		};
		F48BDF931CBF1E3200BD2BF2 /* PBXContainerItemProxy */ = {
			isa = PBXContainerItemProxy;
			containerPortal = F48BDF631CBF1E3200BD2BF2 /* Project object */;
			proxyType = 1;
			remoteGlobalIDString = F48BDF6A1CBF1E3200BD2BF2;
			remoteInfo = GUI_FoodCart_Tracker;
		};
/* End PBXContainerItemProxy section */

/* Begin PBXFileReference section */
		F48BDF6B1CBF1E3200BD2BF2 /* GUI_FoodCart_Tracker.app */ = {isa = PBXFileReference; explicitFileType = wrapper.application; includeInIndex = 0; path = GUI_FoodCart_Tracker.app; sourceTree = BUILT_PRODUCTS_DIR; };
		F48BDF6F1CBF1E3200BD2BF2 /* main.m */ = {isa = PBXFileReference; lastKnownFileType = sourcecode.c.objc; path = main.m; sourceTree = "<group>"; };
		F48BDF711CBF1E3200BD2BF2 /* AppDelegate.h */ = {isa = PBXFileReference; lastKnownFileType = sourcecode.c.h; path = AppDelegate.h; sourceTree = "<group>"; };
		F48BDF721CBF1E3200BD2BF2 /* AppDelegate.m */ = {isa = PBXFileReference; lastKnownFileType = sourcecode.c.objc; path = AppDelegate.m; sourceTree = "<group>"; };
		F48BDF741CBF1E3200BD2BF2 /* FirstViewController.h */ = {isa = PBXFileReference; lastKnownFileType = sourcecode.c.h; path = FirstViewController.h; sourceTree = "<group>"; };
		F48BDF751CBF1E3200BD2BF2 /* FirstViewController.m */ = {isa = PBXFileReference; lastKnownFileType = sourcecode.c.objc; path = FirstViewController.m; sourceTree = "<group>"; };
		F48BDF771CBF1E3200BD2BF2 /* SecondViewController.h */ = {isa = PBXFileReference; lastKnownFileType = sourcecode.c.h; path = SecondViewController.h; sourceTree = "<group>"; };
		F48BDF781CBF1E3200BD2BF2 /* SecondViewController.m */ = {isa = PBXFileReference; lastKnownFileType = sourcecode.c.objc; path = SecondViewController.m; sourceTree = "<group>"; };
		F48BDF7B1CBF1E3200BD2BF2 /* Base */ = {isa = PBXFileReference; lastKnownFileType = file.storyboard; name = Base; path = Base.lproj/Main.storyboard; sourceTree = "<group>"; };
		F48BDF7D1CBF1E3200BD2BF2 /* Assets.xcassets */ = {isa = PBXFileReference; lastKnownFileType = folder.assetcatalog; path = Assets.xcassets; sourceTree = "<group>"; };
		F48BDF801CBF1E3200BD2BF2 /* Base */ = {isa = PBXFileReference; lastKnownFileType = file.storyboard; name = Base; path = Base.lproj/LaunchScreen.storyboard; sourceTree = "<group>"; };
		F48BDF821CBF1E3200BD2BF2 /* Info.plist */ = {isa = PBXFileReference; lastKnownFileType = text.plist.xml; path = Info.plist; sourceTree = "<group>"; };
		F48BDF871CBF1E3200BD2BF2 /* GUI_FoodCart_TrackerTests.xctest */ = {isa = PBXFileReference; explicitFileType = wrapper.cfbundle; includeInIndex = 0; path = GUI_FoodCart_TrackerTests.xctest; sourceTree = BUILT_PRODUCTS_DIR; };
		F48BDF8B1CBF1E3200BD2BF2 /* GUI_FoodCart_TrackerTests.m */ = {isa = PBXFileReference; lastKnownFileType = sourcecode.c.objc; path = GUI_FoodCart_TrackerTests.m; sourceTree = "<group>"; };
		F48BDF8D1CBF1E3200BD2BF2 /* Info.plist */ = {isa = PBXFileReference; lastKnownFileType = text.plist.xml; path = Info.plist; sourceTree = "<group>"; };
		F48BDF921CBF1E3200BD2BF2 /* GUI_FoodCart_TrackerUITests.xctest */ = {isa = PBXFileReference; explicitFileType = wrapper.cfbundle; includeInIndex = 0; path = GUI_FoodCart_TrackerUITests.xctest; sourceTree = BUILT_PRODUCTS_DIR; };
		F48BDF961CBF1E3200BD2BF2 /* GUI_FoodCart_TrackerUITests.m */ = {isa = PBXFileReference; lastKnownFileType = sourcecode.c.objc; path = GUI_FoodCart_TrackerUITests.m; sourceTree = "<group>"; };
		F48BDF981CBF1E3200BD2BF2 /* Info.plist */ = {isa = PBXFileReference; lastKnownFileType = text.plist.xml; path = Info.plist; sourceTree = "<group>"; };
/* End PBXFileReference section */

/* Begin PBXFrameworksBuildPhase section */
		F48BDF681CBF1E3200BD2BF2 /* Frameworks */ = {
			isa = PBXFrameworksBuildPhase;
			buildActionMask = 2147483647;
			files = (
			);
			runOnlyForDeploymentPostprocessing = 0;
		};
		F48BDF841CBF1E3200BD2BF2 /* Frameworks */ = {
			isa = PBXFrameworksBuildPhase;
			buildActionMask = 2147483647;
			files = (
			);
			runOnlyForDeploymentPostprocessing = 0;
		};
		F48BDF8F1CBF1E3200BD2BF2 /* Frameworks */ = {
			isa = PBXFrameworksBuildPhase;
			buildActionMask = 2147483647;
			files = (
			);
			runOnlyForDeploymentPostprocessing = 0;
		};
/* End PBXFrameworksBuildPhase section */

/* Begin PBXGroup section */
		F48BDF621CBF1E3200BD2BF2 = {
			isa = PBXGroup;
			children = (
				F48BDF6D1CBF1E3200BD2BF2 /* GUI_FoodCart_Tracker */,
				F48BDF8A1CBF1E3200BD2BF2 /* GUI_FoodCart_TrackerTests */,
				F48BDF951CBF1E3200BD2BF2 /* GUI_FoodCart_TrackerUITests */,
				F48BDF6C1CBF1E3200BD2BF2 /* Products */,
			);
			sourceTree = "<group>";
		};
		F48BDF6C1CBF1E3200BD2BF2 /* Products */ = {
			isa = PBXGroup;
			children = (
				F48BDF6B1CBF1E3200BD2BF2 /* GUI_FoodCart_Tracker.app */,
				F48BDF871CBF1E3200BD2BF2 /* GUI_FoodCart_TrackerTests.xctest */,
				F48BDF921CBF1E3200BD2BF2 /* GUI_FoodCart_TrackerUITests.xctest */,
			);
			name = Products;
			sourceTree = "<group>";
		};
		F48BDF6D1CBF1E3200BD2BF2 /* GUI_FoodCart_Tracker */ = {
			isa = PBXGroup;
			children = (
				F48BDF711CBF1E3200BD2BF2 /* AppDelegate.h */,
				F48BDF721CBF1E3200BD2BF2 /* AppDelegate.m */,
				F48BDF741CBF1E3200BD2BF2 /* FirstViewController.h */,
				F48BDF751CBF1E3200BD2BF2 /* FirstViewController.m */,
				F48BDF771CBF1E3200BD2BF2 /* SecondViewController.h */,
				F48BDF781CBF1E3200BD2BF2 /* SecondViewController.m */,
				F48BDF7A1CBF1E3200BD2BF2 /* Main.storyboard */,
				F48BDF7D1CBF1E3200BD2BF2 /* Assets.xcassets */,
				F48BDF7F1CBF1E3200BD2BF2 /* LaunchScreen.storyboard */,
				F48BDF821CBF1E3200BD2BF2 /* Info.plist */,
				F48BDF6E1CBF1E3200BD2BF2 /* Supporting Files */,
			);
			path = GUI_FoodCart_Tracker;
			sourceTree = "<group>";
		};
		F48BDF6E1CBF1E3200BD2BF2 /* Supporting Files */ = {
			isa = PBXGroup;
			children = (
				F48BDF6F1CBF1E3200BD2BF2 /* main.m */,
			);
			name = "Supporting Files";
			sourceTree = "<group>";
		};
		F48BDF8A1CBF1E3200BD2BF2 /* GUI_FoodCart_TrackerTests */ = {
			isa = PBXGroup;
			children = (
				F48BDF8B1CBF1E3200BD2BF2 /* GUI_FoodCart_TrackerTests.m */,
				F48BDF8D1CBF1E3200BD2BF2 /* Info.plist */,
			);
			path = GUI_FoodCart_TrackerTests;
			sourceTree = "<group>";
		};
		F48BDF951CBF1E3200BD2BF2 /* GUI_FoodCart_TrackerUITests */ = {
			isa = PBXGroup;
			children = (
				F48BDF961CBF1E3200BD2BF2 /* GUI_FoodCart_TrackerUITests.m */,
				F48BDF981CBF1E3200BD2BF2 /* Info.plist */,
			);
			path = GUI_FoodCart_TrackerUITests;
			sourceTree = "<group>";
		};
/* End PBXGroup section */

/* Begin PBXNativeTarget section */
		F48BDF6A1CBF1E3200BD2BF2 /* GUI_FoodCart_Tracker */ = {
			isa = PBXNativeTarget;
			buildConfigurationList = F48BDF9B1CBF1E3200BD2BF2 /* Build configuration list for PBXNativeTarget "GUI_FoodCart_Tracker" */;
			buildPhases = (
				F48BDF671CBF1E3200BD2BF2 /* Sources */,
				F48BDF681CBF1E3200BD2BF2 /* Frameworks */,
				F48BDF691CBF1E3200BD2BF2 /* Resources */,
			);
			buildRules = (
			);
			dependencies = (
			);
			name = GUI_FoodCart_Tracker;
			productName = GUI_FoodCart_Tracker;
			productReference = F48BDF6B1CBF1E3200BD2BF2 /* GUI_FoodCart_Tracker.app */;
			productType = "com.apple.product-type.application";
		};
		F48BDF861CBF1E3200BD2BF2 /* GUI_FoodCart_TrackerTests */ = {
			isa = PBXNativeTarget;
			buildConfigurationList = F48BDF9E1CBF1E3200BD2BF2 /* Build configuration list for PBXNativeTarget "GUI_FoodCart_TrackerTests" */;
			buildPhases = (
				F48BDF831CBF1E3200BD2BF2 /* Sources */,
				F48BDF841CBF1E3200BD2BF2 /* Frameworks */,
				F48BDF851CBF1E3200BD2BF2 /* Resources */,
			);
			buildRules = (
			);
			dependencies = (
				F48BDF891CBF1E3200BD2BF2 /* PBXTargetDependency */,
			);
			name = GUI_FoodCart_TrackerTests;
			productName = GUI_FoodCart_TrackerTests;
			productReference = F48BDF871CBF1E3200BD2BF2 /* GUI_FoodCart_TrackerTests.xctest */;
			productType = "com.apple.product-type.bundle.unit-test";
		};
		F48BDF911CBF1E3200BD2BF2 /* GUI_FoodCart_TrackerUITests */ = {
			isa = PBXNativeTarget;
			buildConfigurationList = F48BDFA11CBF1E3200BD2BF2 /* Build configuration list for PBXNativeTarget "GUI_FoodCart_TrackerUITests" */;
			buildPhases = (
				F48BDF8E1CBF1E3200BD2BF2 /* Sources */,
				F48BDF8F1CBF1E3200BD2BF2 /* Frameworks */,
				F48BDF901CBF1E3200BD2BF2 /* Resources */,
			);
			buildRules = (
			);
			dependencies = (
				F48BDF941CBF1E3200BD2BF2 /* PBXTargetDependency */,
			);
			name = GUI_FoodCart_TrackerUITests;
			productName = GUI_FoodCart_TrackerUITests;
			productReference = F48BDF921CBF1E3200BD2BF2 /* GUI_FoodCart_TrackerUITests.xctest */;
			productType = "com.apple.product-type.bundle.ui-testing";
		};
/* End PBXNativeTarget section */

/* Begin PBXProject section */
		F48BDF631CBF1E3200BD2BF2 /* Project object */ = {
			isa = PBXProject;
			attributes = {
				LastUpgradeCheck = 0730;
				ORGANIZATIONNAME = "Clint Jellesed";
				TargetAttributes = {
					F48BDF6A1CBF1E3200BD2BF2 = {
						CreatedOnToolsVersion = 7.3;
					};
					F48BDF861CBF1E3200BD2BF2 = {
						CreatedOnToolsVersion = 7.3;
						TestTargetID = F48BDF6A1CBF1E3200BD2BF2;
					};
					F48BDF911CBF1E3200BD2BF2 = {
						CreatedOnToolsVersion = 7.3;
						TestTargetID = F48BDF6A1CBF1E3200BD2BF2;
					};
				};
			};
			buildConfigurationList = F48BDF661CBF1E3200BD2BF2 /* Build configuration list for PBXProject "GUI_FoodCart_Tracker" */;
			compatibilityVersion = "Xcode 3.2";
			developmentRegion = English;
			hasScannedForEncodings = 0;
			knownRegions = (
				en,
				Base,
			);
			mainGroup = F48BDF621CBF1E3200BD2BF2;
			productRefGroup = F48BDF6C1CBF1E3200BD2BF2 /* Products */;
			projectDirPath = "";
			projectRoot = "";
			targets = (
				F48BDF6A1CBF1E3200BD2BF2 /* GUI_FoodCart_Tracker */,
				F48BDF861CBF1E3200BD2BF2 /* GUI_FoodCart_TrackerTests */,
				F48BDF911CBF1E3200BD2BF2 /* GUI_FoodCart_TrackerUITests */,
			);
		};
/* End PBXProject section */

/* Begin PBXResourcesBuildPhase section */
		F48BDF691CBF1E3200BD2BF2 /* Resources */ = {
			isa = PBXResourcesBuildPhase;
			buildActionMask = 2147483647;
			files = (
				F48BDF811CBF1E3200BD2BF2 /* LaunchScreen.storyboard in Resources */,
				F48BDF7E1CBF1E3200BD2BF2 /* Assets.xcassets in Resources */,
				F48BDF7C1CBF1E3200BD2BF2 /* Main.storyboard in Resources */,
			);
			runOnlyForDeploymentPostprocessing = 0;
		};
		F48BDF851CBF1E3200BD2BF2 /* Resources */ = {
			isa = PBXResourcesBuildPhase;
			buildActionMask = 2147483647;
			files = (
			);
			runOnlyForDeploymentPostprocessing = 0;
		};
		F48BDF901CBF1E3200BD2BF2 /* Resources */ = {
			isa = PBXResourcesBuildPhase;
			buildActionMask = 2147483647;
			files = (
			);
			runOnlyForDeploymentPostprocessing = 0;
		};
/* End PBXResourcesBuildPhase section */

/* Begin PBXSourcesBuildPhase section */
		F48BDF671CBF1E3200BD2BF2 /* Sources */ = {
			isa = PBXSourcesBuildPhase;
			buildActionMask = 2147483647;
			files = (
				F48BDF791CBF1E3200BD2BF2 /* SecondViewController.m in Sources */,
				F48BDF731CBF1E3200BD2BF2 /* AppDelegate.m in Sources */,
				F48BDF761CBF1E3200BD2BF2 /* FirstViewController.m in Sources */,
				F48BDF701CBF1E3200BD2BF2 /* main.m in Sources */,
			);
			runOnlyForDeploymentPostprocessing = 0;
		};
		F48BDF831CBF1E3200BD2BF2 /* Sources */ = {
			isa = PBXSourcesBuildPhase;
			buildActionMask = 2147483647;
			files = (
				F48BDF8C1CBF1E3200BD2BF2 /* GUI_FoodCart_TrackerTests.m in Sources */,
			);
			runOnlyForDeploymentPostprocessing = 0;
		};
		F48BDF8E1CBF1E3200BD2BF2 /* Sources */ = {
			isa = PBXSourcesBuildPhase;
			buildActionMask = 2147483647;
			files = (
				F48BDF971CBF1E3200BD2BF2 /* GUI_FoodCart_TrackerUITests.m in Sources */,
			);
			runOnlyForDeploymentPostprocessing = 0;
		};
/* End PBXSourcesBuildPhase section */

/* Begin PBXTargetDependency section */
		F48BDF891CBF1E3200BD2BF2 /* PBXTargetDependency */ = {
			isa = PBXTargetDependency;
			target = F48BDF6A1CBF1E3200BD2BF2 /* GUI_FoodCart_Tracker */;
			targetProxy = F48BDF881CBF1E3200BD2BF2 /* PBXContainerItemProxy */;
		};
		F48BDF941CBF1E3200BD2BF2 /* PBXTargetDependency */ = {
			isa = PBXTargetDependency;
			target = F48BDF6A1CBF1E3200BD2BF2 /* GUI_FoodCart_Tracker */;
			targetProxy = F48BDF931CBF1E3200BD2BF2 /* PBXContainerItemProxy */;
		};
/* End PBXTargetDependency section */

/* Begin PBXVariantGroup section */
		F48BDF7A1CBF1E3200BD2BF2 /* Main.storyboard */ = {
			isa = PBXVariantGroup;
			children = (
				F48BDF7B1CBF1E3200BD2BF2 /* Base */,
			);
			name = Main.storyboard;
			sourceTree = "<group>";
		};
		F48BDF7F1CBF1E3200BD2BF2 /* LaunchScreen.storyboard */ = {
			isa = PBXVariantGroup;
			children = (
				F48BDF801CBF1E3200BD2BF2 /* Base */,
			);
			name = LaunchScreen.storyboard;
			sourceTree = "<group>";
		};
/* End PBXVariantGroup section */

/* Begin XCBuildConfiguration section */
		F48BDF991CBF1E3200BD2BF2 /* Debug */ = {
			isa = XCBuildConfiguration;
			buildSettings = {
				ALWAYS_SEARCH_USER_PATHS = NO;
				CLANG_ANALYZER_NONNULL = YES;
				CLANG_CXX_LANGUAGE_STANDARD = "gnu++0x";
				CLANG_CXX_LIBRARY = "libc++";
				CLANG_ENABLE_MODULES = YES;
				CLANG_ENABLE_OBJC_ARC = YES;
				CLANG_WARN_BOOL_CONVERSION = YES;
				CLANG_WARN_CONSTANT_CONVERSION = YES;
				CLANG_WARN_DIRECT_OBJC_ISA_USAGE = YES_ERROR;
				CLANG_WARN_EMPTY_BODY = YES;
				CLANG_WARN_ENUM_CONVERSION = YES;
				CLANG_WARN_INT_CONVERSION = YES;
				CLANG_WARN_OBJC_ROOT_CLASS = YES_ERROR;
				CLANG_WARN_UNREACHABLE_CODE = YES;
				CLANG_WARN__DUPLICATE_METHOD_MATCH = YES;
				"CODE_SIGN_IDENTITY[sdk=iphoneos*]" = "iPhone Developer";
				COPY_PHASE_STRIP = NO;
				DEBUG_INFORMATION_FORMAT = dwarf;
				ENABLE_STRICT_OBJC_MSGSEND = YES;
				ENABLE_TESTABILITY = YES;
				GCC_C_LANGUAGE_STANDARD = gnu99;
				GCC_DYNAMIC_NO_PIC = NO;
				GCC_NO_COMMON_BLOCKS = YES;
				GCC_OPTIMIZATION_LEVEL = 0;
				GCC_PREPROCESSOR_DEFINITIONS = (
					"DEBUG=1",
					"$(inherited)",
				);
				GCC_WARN_64_TO_32_BIT_CONVERSION = YES;
				GCC_WARN_ABOUT_RETURN_TYPE = YES_ERROR;
				GCC_WARN_UNDECLARED_SELECTOR = YES;
				GCC_WARN_UNINITIALIZED_AUTOS = YES_AGGRESSIVE;
				GCC_WARN_UNUSED_FUNCTION = YES;
				GCC_WARN_UNUSED_VARIABLE = YES;
				IPHONEOS_DEPLOYMENT_TARGET = 9.3;
				MTL_ENABLE_DEBUG_INFO = YES;
				ONLY_ACTIVE_ARCH = YES;
				SDKROOT = iphoneos;
				TARGETED_DEVICE_FAMILY = "1,2";
			};
			name = Debug;
		};
		F48BDF9A1CBF1E3200BD2BF2 /* Release */ = {
			isa = XCBuildConfiguration;
			buildSettings = {
				ALWAYS_SEARCH_USER_PATHS = NO;
				CLANG_ANALYZER_NONNULL = YES;
				CLANG_CXX_LANGUAGE_STANDARD = "gnu++0x";
				CLANG_CXX_LIBRARY = "libc++";
				CLANG_ENABLE_MODULES = YES;
				CLANG_ENABLE_OBJC_ARC = YES;
				CLANG_WARN_BOOL_CONVERSION = YES;
				CLANG_WARN_CONSTANT_CONVERSION = YES;
				CLANG_WARN_DIRECT_OBJC_ISA_USAGE = YES_ERROR;
				CLANG_WARN_EMPTY_BODY = YES;
				CLANG_WARN_ENUM_CONVERSION = YES;
				CLANG_WARN_INT_CONVERSION = YES;
				CLANG_WARN_OBJC_ROOT_CLASS = YES_ERROR;
				CLANG_WARN_UNREACHABLE_CODE = YES;
				CLANG_WARN__DUPLICATE_METHOD_MATCH = YES;
				"CODE_SIGN_IDENTITY[sdk=iphoneos*]" = "iPhone Developer";
				COPY_PHASE_STRIP = NO;
				DEBUG_INFORMATION_FORMAT = "dwarf-with-dsym";
				ENABLE_NS_ASSERTIONS = NO;
				ENABLE_STRICT_OBJC_MSGSEND = YES;
				GCC_C_LANGUAGE_STANDARD = gnu99;
				GCC_NO_COMMON_BLOCKS = YES;
				GCC_WARN_64_TO_32_BIT_CONVERSION = YES;
				GCC_WARN_ABOUT_RETURN_TYPE = YES_ERROR;
				GCC_WARN_UNDECLARED_SELECTOR = YES;
				GCC_WARN_UNINITIALIZED_AUTOS = YES_AGGRESSIVE;
				GCC_WARN_UNUSED_FUNCTION = YES;
				GCC_WARN_UNUSED_VARIABLE = YES;
				IPHONEOS_DEPLOYMENT_TARGET = 9.3;
				MTL_ENABLE_DEBUG_INFO = NO;
				SDKROOT = iphoneos;
				TARGETED_DEVICE_FAMILY = "1,2";
				VALIDATE_PRODUCT = YES;
			};
			name = Release;
		};
		F48BDF9C1CBF1E3200BD2BF2 /* Debug */ = {
			isa = XCBuildConfiguration;
			buildSettings = {
				ASSETCATALOG_COMPILER_APPICON_NAME = AppIcon;
				INFOPLIST_FILE = GUI_FoodCart_Tracker/Info.plist;
				LD_RUNPATH_SEARCH_PATHS = "$(inherited) @executable_path/Frameworks";
				PRODUCT_BUNDLE_IDENTIFIER = "Student.GUI-FoodCart-Tracker";
				PRODUCT_NAME = "$(TARGET_NAME)";
			};
			name = Debug;
		};
		F48BDF9D1CBF1E3200BD2BF2 /* Release */ = {
			isa = XCBuildConfiguration;
			buildSettings = {
				ASSETCATALOG_COMPILER_APPICON_NAME = AppIcon;
				INFOPLIST_FILE = GUI_FoodCart_Tracker/Info.plist;
				LD_RUNPATH_SEARCH_PATHS = "$(inherited) @executable_path/Frameworks";
				PRODUCT_BUNDLE_IDENTIFIER = "Student.GUI-FoodCart-Tracker";
				PRODUCT_NAME = "$(TARGET_NAME)";
			};
			name = Release;
		};
		F48BDF9F1CBF1E3200BD2BF2 /* Debug */ = {
			isa = XCBuildConfiguration;
			buildSettings = {
				BUNDLE_LOADER = "$(TEST_HOST)";
				INFOPLIST_FILE = GUI_FoodCart_TrackerTests/Info.plist;
				LD_RUNPATH_SEARCH_PATHS = "$(inherited) @executable_path/Frameworks @loader_path/Frameworks";
				PRODUCT_BUNDLE_IDENTIFIER = "Student.GUI-FoodCart-TrackerTests";
				PRODUCT_NAME = "$(TARGET_NAME)";
				TEST_HOST = "$(BUILT_PRODUCTS_DIR)/GUI_FoodCart_Tracker.app/GUI_FoodCart_Tracker";
			};
			name = Debug;
		};
		F48BDFA01CBF1E3200BD2BF2 /* Release */ = {
			isa = XCBuildConfiguration;
			buildSettings = {
				BUNDLE_LOADER = "$(TEST_HOST)";
				INFOPLIST_FILE = GUI_FoodCart_TrackerTests/Info.plist;
				LD_RUNPATH_SEARCH_PATHS = "$(inherited) @executable_path/Frameworks @loader_path/Frameworks";
				PRODUCT_BUNDLE_IDENTIFIER = "Student.GUI-FoodCart-TrackerTests";
				PRODUCT_NAME = "$(TARGET_NAME)";
				TEST_HOST = "$(BUILT_PRODUCTS_DIR)/GUI_FoodCart_Tracker.app/GUI_FoodCart_Tracker";
			};
			name = Release;
		};
		F48BDFA21CBF1E3200BD2BF2 /* Debug */ = {
			isa = XCBuildConfiguration;
			buildSettings = {
				INFOPLIST_FILE = GUI_FoodCart_TrackerUITests/Info.plist;
				LD_RUNPATH_SEARCH_PATHS = "$(inherited) @executable_path/Frameworks @loader_path/Frameworks";
				PRODUCT_BUNDLE_IDENTIFIER = "Student.GUI-FoodCart-TrackerUITests";
				PRODUCT_NAME = "$(TARGET_NAME)";
				TEST_TARGET_NAME = GUI_FoodCart_Tracker;
			};
			name = Debug;
		};
		F48BDFA31CBF1E3200BD2BF2 /* Release */ = {
			isa = XCBuildConfiguration;
			buildSettings = {
				INFOPLIST_FILE = GUI_FoodCart_TrackerUITests/Info.plist;
				LD_RUNPATH_SEARCH_PATHS = "$(inherited) @executable_path/Frameworks @loader_path/Frameworks";
				PRODUCT_BUNDLE_IDENTIFIER = "Student.GUI-FoodCart-TrackerUITests";
				PRODUCT_NAME = "$(TARGET_NAME)";
				TEST_TARGET_NAME = GUI_FoodCart_Tracker;
			};
			name = Release;
		};
/* End XCBuildConfiguration section */

/* Begin XCConfigurationList section */
		F48BDF661CBF1E3200BD2BF2 /* Build configuration list for PBXProject "GUI_FoodCart_Tracker" */ = {
			isa = XCConfigurationList;
			buildConfigurations = (
				F48BDF991CBF1E3200BD2BF2 /* Debug */,
				F48BDF9A1CBF1E3200BD2BF2 /* Release */,
			);
			defaultConfigurationIsVisible = 0;
			defaultConfigurationName = Release;
		};
		F48BDF9B1CBF1E3200BD2BF2 /* Build configuration list for PBXNativeTarget "GUI_FoodCart_Tracker" */ = {
			isa = XCConfigurationList;
			buildConfigurations = (
				F48BDF9C1CBF1E3200BD2BF2 /* Debug */,
				F48BDF9D1CBF1E3200BD2BF2 /* Release */,
			);
			defaultConfigurationIsVisible = 0;
		};
		F48BDF9E1CBF1E3200BD2BF2 /* Build configuration list for PBXNativeTarget "GUI_FoodCart_TrackerTests" */ = {
			isa = XCConfigurationList;
			buildConfigurations = (
				F48BDF9F1CBF1E3200BD2BF2 /* Debug */,
				F48BDFA01CBF1E3200BD2BF2 /* Release */,
			);
			defaultConfigurationIsVisible = 0;
		};
		F48BDFA11CBF1E3200BD2BF2 /* Build configuration list for PBXNativeTarget "GUI_FoodCart_TrackerUITests" */ = {
			isa = XCConfigurationList;
			buildConfigurations = (
				F48BDFA21CBF1E3200BD2BF2 /* Debug */,
				F48BDFA31CBF1E3200BD2BF2 /* Release */,
			);
			defaultConfigurationIsVisible = 0;
		};
/* End XCConfigurationList section */
	};
	rootObject = F48BDF631CBF1E3200BD2BF2 /* Project object */;
}
