// !$*UTF8*$!
{
	archiveVersion = 1;
	classes = {
	};
	objectVersion = 46;
	objects = {

/* Begin PBXBuildFile section */
		F409D91C1D0125A0006A3EBA /* AppDelegate.swift in Sources */ = {isa = PBXBuildFile; fileRef = F409D91B1D0125A0006A3EBA /* AppDelegate.swift */; };
		F409D91E1D0125A0006A3EBA /* ViewController.swift in Sources */ = {isa = PBXBuildFile; fileRef = F409D91D1D0125A0006A3EBA /* ViewController.swift */; };
		F409D9211D0125A0006A3EBA /* Main.storyboard in Resources */ = {isa = PBXBuildFile; fileRef = F409D91F1D0125A0006A3EBA /* Main.storyboard */; };
		F409D9231D0125A0006A3EBA /* Assets.xcassets in Resources */ = {isa = PBXBuildFile; fileRef = F409D9221D0125A0006A3EBA /* Assets.xcassets */; };
		F409D9261D0125A0006A3EBA /* LaunchScreen.storyboard in Resources */ = {isa = PBXBuildFile; fileRef = F409D9241D0125A0006A3EBA /* LaunchScreen.storyboard */; };
/* End PBXBuildFile section */

/* Begin PBXFileReference section */
		F409D9181D0125A0006A3EBA /* TicTacToe.app */ = {isa = PBXFileReference; explicitFileType = wrapper.application; includeInIndex = 0; path = TicTacToe.app; sourceTree = BUILT_PRODUCTS_DIR; };
		F409D91B1D0125A0006A3EBA /* AppDelegate.swift */ = {isa = PBXFileReference; lastKnownFileType = sourcecode.swift; path = AppDelegate.swift; sourceTree = "<group>"; };
		F409D91D1D0125A0006A3EBA /* ViewController.swift */ = {isa = PBXFileReference; lastKnownFileType = sourcecode.swift; path = ViewController.swift; sourceTree = "<group>"; };
		F409D9201D0125A0006A3EBA /* Base */ = {isa = PBXFileReference; lastKnownFileType = file.storyboard; name = Base; path = Base.lproj/Main.storyboard; sourceTree = "<group>"; };
		F409D9221D0125A0006A3EBA /* Assets.xcassets */ = {isa = PBXFileReference; lastKnownFileType = folder.assetcatalog; path = Assets.xcassets; sourceTree = "<group>"; };
		F409D9251D0125A0006A3EBA /* Base */ = {isa = PBXFileReference; lastKnownFileType = file.storyboard; name = Base; path = Base.lproj/LaunchScreen.storyboard; sourceTree = "<group>"; };
		F409D9271D0125A0006A3EBA /* Info.plist */ = {isa = PBXFileReference; lastKnownFileType = text.plist.xml; path = Info.plist; sourceTree = "<group>"; };
/* End PBXFileReference section */

/* Begin PBXFrameworksBuildPhase section */
		F409D9151D0125A0006A3EBA /* Frameworks */ = {
			isa = PBXFrameworksBuildPhase;
			buildActionMask = 2147483647;
			files = (
			);
			runOnlyForDeploymentPostprocessing = 0;
		};
/* End PBXFrameworksBuildPhase section */

/* Begin PBXGroup section */
		F409D90F1D01259F006A3EBA = {
			isa = PBXGroup;
			children = (
				F409D91A1D0125A0006A3EBA /* TicTacToe */,
				F409D9191D0125A0006A3EBA /* Products */,
			);
			sourceTree = "<group>";
		};
		F409D9191D0125A0006A3EBA /* Products */ = {
			isa = PBXGroup;
			children = (
				F409D9181D0125A0006A3EBA /* TicTacToe.app */,
			);
			name = Products;
			sourceTree = "<group>";
		};
		F409D91A1D0125A0006A3EBA /* TicTacToe */ = {
			isa = PBXGroup;
			children = (
				F409D91B1D0125A0006A3EBA /* AppDelegate.swift */,
				F409D91D1D0125A0006A3EBA /* ViewController.swift */,
				F409D91F1D0125A0006A3EBA /* Main.storyboard */,
				F409D9221D0125A0006A3EBA /* Assets.xcassets */,
				F409D9241D0125A0006A3EBA /* LaunchScreen.storyboard */,
				F409D9271D0125A0006A3EBA /* Info.plist */,
			);
			path = TicTacToe;
			sourceTree = "<group>";
		};
/* End PBXGroup section */

/* Begin PBXNativeTarget section */
		F409D9171D0125A0006A3EBA /* TicTacToe */ = {
			isa = PBXNativeTarget;
			buildConfigurationList = F409D92A1D0125A0006A3EBA /* Build configuration list for PBXNativeTarget "TicTacToe" */;
			buildPhases = (
				F409D9141D0125A0006A3EBA /* Sources */,
				F409D9151D0125A0006A3EBA /* Frameworks */,
				F409D9161D0125A0006A3EBA /* Resources */,
			);
			buildRules = (
			);
			dependencies = (
			);
			name = TicTacToe;
			productName = TicTacToe;
			productReference = F409D9181D0125A0006A3EBA /* TicTacToe.app */;
			productType = "com.apple.product-type.application";
		};
/* End PBXNativeTarget section */

/* Begin PBXProject section */
		F409D9101D01259F006A3EBA /* Project object */ = {
			isa = PBXProject;
			attributes = {
				LastSwiftUpdateCheck = 0730;
				LastUpgradeCheck = 0730;
				ORGANIZATIONNAME = "Clint Jellesed";
				TargetAttributes = {
					F409D9171D0125A0006A3EBA = {
						CreatedOnToolsVersion = 7.3;
					};
				};
			};
			buildConfigurationList = F409D9131D01259F006A3EBA /* Build configuration list for PBXProject "TicTacToe" */;
			compatibilityVersion = "Xcode 3.2";
			developmentRegion = English;
			hasScannedForEncodings = 0;
			knownRegions = (
				en,
				Base,
			);
			mainGroup = F409D90F1D01259F006A3EBA;
			productRefGroup = F409D9191D0125A0006A3EBA /* Products */;
			projectDirPath = "";
			projectRoot = "";
			targets = (
				F409D9171D0125A0006A3EBA /* TicTacToe */,
			);
		};
/* End PBXProject section */

/* Begin PBXResourcesBuildPhase section */
		F409D9161D0125A0006A3EBA /* Resources */ = {
			isa = PBXResourcesBuildPhase;
			buildActionMask = 2147483647;
			files = (
				F409D9261D0125A0006A3EBA /* LaunchScreen.storyboard in Resources */,
				F409D9231D0125A0006A3EBA /* Assets.xcassets in Resources */,
				F409D9211D0125A0006A3EBA /* Main.storyboard in Resources */,
			);
			runOnlyForDeploymentPostprocessing = 0;
		};
/* End PBXResourcesBuildPhase section */

/* Begin PBXSourcesBuildPhase section */
		F409D9141D0125A0006A3EBA /* Sources */ = {
			isa = PBXSourcesBuildPhase;
			buildActionMask = 2147483647;
			files = (
				F409D91E1D0125A0006A3EBA /* ViewController.swift in Sources */,
				F409D91C1D0125A0006A3EBA /* AppDelegate.swift in Sources */,
			);
			runOnlyForDeploymentPostprocessing = 0;
		};
/* End PBXSourcesBuildPhase section */

/* Begin PBXVariantGroup section */
		F409D91F1D0125A0006A3EBA /* Main.storyboard */ = {
			isa = PBXVariantGroup;
			children = (
				F409D9201D0125A0006A3EBA /* Base */,
			);
			name = Main.storyboard;
			sourceTree = "<group>";
		};
		F409D9241D0125A0006A3EBA /* LaunchScreen.storyboard */ = {
			isa = PBXVariantGroup;
			children = (
				F409D9251D0125A0006A3EBA /* Base */,
			);
			name = LaunchScreen.storyboard;
			sourceTree = "<group>";
		};
/* End PBXVariantGroup section */

/* Begin XCBuildConfiguration section */
		F409D9281D0125A0006A3EBA /* Debug */ = {
			isa = XCBuildConfiguration;
			buildSettings = {
				ALWAYS_SEARCH_USER_PATHS = NO;
				CLANG_ANALYZER_NONNULL = YES;
				CLANG_CXX_LANGUAGE_STANDARD = "gnu++0x";
				CLANG_CXX_LIBRARY = "libc++";
				CLANG_ENABLE_MODULES = YES;
				CLANG_ENABLE_OBJC_ARC = YES;
				CLANG_WARN_BOOL_CONVERSION = YES;
				CLANG_WARN_CONSTANT_CONVERSION = YES;
				CLANG_WARN_DIRECT_OBJC_ISA_USAGE = YES_ERROR;
				CLANG_WARN_EMPTY_BODY = YES;
				CLANG_WARN_ENUM_CONVERSION = YES;
				CLANG_WARN_INT_CONVERSION = YES;
				CLANG_WARN_OBJC_ROOT_CLASS = YES_ERROR;
				CLANG_WARN_UNREACHABLE_CODE = YES;
				CLANG_WARN__DUPLICATE_METHOD_MATCH = YES;
				"CODE_SIGN_IDENTITY[sdk=iphoneos*]" = "iPhone Developer";
				COPY_PHASE_STRIP = NO;
				DEBUG_INFORMATION_FORMAT = dwarf;
				ENABLE_STRICT_OBJC_MSGSEND = YES;
				ENABLE_TESTABILITY = YES;
				GCC_C_LANGUAGE_STANDARD = gnu99;
				GCC_DYNAMIC_NO_PIC = NO;
				GCC_NO_COMMON_BLOCKS = YES;
				GCC_OPTIMIZATION_LEVEL = 0;
				GCC_PREPROCESSOR_DEFINITIONS = (
					"DEBUG=1",
					"$(inherited)",
				);
				GCC_WARN_64_TO_32_BIT_CONVERSION = YES;
				GCC_WARN_ABOUT_RETURN_TYPE = YES_ERROR;
				GCC_WARN_UNDECLARED_SELECTOR = YES;
				GCC_WARN_UNINITIALIZED_AUTOS = YES_AGGRESSIVE;
				GCC_WARN_UNUSED_FUNCTION = YES;
				GCC_WARN_UNUSED_VARIABLE = YES;
				IPHONEOS_DEPLOYMENT_TARGET = 9.3;
				MTL_ENABLE_DEBUG_INFO = YES;
				ONLY_ACTIVE_ARCH = YES;
				SDKROOT = iphoneos;
				SWIFT_OPTIMIZATION_LEVEL = "-Onone";
			};
			name = Debug;
		};
		F409D9291D0125A0006A3EBA /* Release */ = {
			isa = XCBuildConfiguration;
			buildSettings = {
				ALWAYS_SEARCH_USER_PATHS = NO;
				CLANG_ANALYZER_NONNULL = YES;
				CLANG_CXX_LANGUAGE_STANDARD = "gnu++0x";
				CLANG_CXX_LIBRARY = "libc++";
				CLANG_ENABLE_MODULES = YES;
				CLANG_ENABLE_OBJC_ARC = YES;
				CLANG_WARN_BOOL_CONVERSION = YES;
				CLANG_WARN_CONSTANT_CONVERSION = YES;
				CLANG_WARN_DIRECT_OBJC_ISA_USAGE = YES_ERROR;
				CLANG_WARN_EMPTY_BODY = YES;
				CLANG_WARN_ENUM_CONVERSION = YES;
				CLANG_WARN_INT_CONVERSION = YES;
				CLANG_WARN_OBJC_ROOT_CLASS = YES_ERROR;
				CLANG_WARN_UNREACHABLE_CODE = YES;
				CLANG_WARN__DUPLICATE_METHOD_MATCH = YES;
				"CODE_SIGN_IDENTITY[sdk=iphoneos*]" = "iPhone Developer";
				COPY_PHASE_STRIP = NO;
				DEBUG_INFORMATION_FORMAT = "dwarf-with-dsym";
				ENABLE_NS_ASSERTIONS = NO;
				ENABLE_STRICT_OBJC_MSGSEND = YES;
				GCC_C_LANGUAGE_STANDARD = gnu99;
				GCC_NO_COMMON_BLOCKS = YES;
				GCC_WARN_64_TO_32_BIT_CONVERSION = YES;
				GCC_WARN_ABOUT_RETURN_TYPE = YES_ERROR;
				GCC_WARN_UNDECLARED_SELECTOR = YES;
				GCC_WARN_UNINITIALIZED_AUTOS = YES_AGGRESSIVE;
				GCC_WARN_UNUSED_FUNCTION = YES;
				GCC_WARN_UNUSED_VARIABLE = YES;
				IPHONEOS_DEPLOYMENT_TARGET = 9.3;
				MTL_ENABLE_DEBUG_INFO = NO;
				SDKROOT = iphoneos;
				VALIDATE_PRODUCT = YES;
			};
			name = Release;
		};
		F409D92B1D0125A0006A3EBA /* Debug */ = {
			isa = XCBuildConfiguration;
			buildSettings = {
				ASSETCATALOG_COMPILER_APPICON_NAME = AppIcon;
				INFOPLIST_FILE = TicTacToe/Info.plist;
				LD_RUNPATH_SEARCH_PATHS = "$(inherited) @executable_path/Frameworks";
				PRODUCT_BUNDLE_IDENTIFIER = Student.TicTacToe;
				PRODUCT_NAME = "$(TARGET_NAME)";
			};
			name = Debug;
		};
		F409D92C1D0125A0006A3EBA /* Release */ = {
			isa = XCBuildConfiguration;
			buildSettings = {
				ASSETCATALOG_COMPILER_APPICON_NAME = AppIcon;
				INFOPLIST_FILE = TicTacToe/Info.plist;
				LD_RUNPATH_SEARCH_PATHS = "$(inherited) @executable_path/Frameworks";
				PRODUCT_BUNDLE_IDENTIFIER = Student.TicTacToe;
				PRODUCT_NAME = "$(TARGET_NAME)";
			};
			name = Release;
		};
/* End XCBuildConfiguration section */

/* Begin XCConfigurationList section */
		F409D9131D01259F006A3EBA /* Build configuration list for PBXProject "TicTacToe" */ = {
			isa = XCConfigurationList;
			buildConfigurations = (
				F409D9281D0125A0006A3EBA /* Debug */,
				F409D9291D0125A0006A3EBA /* Release */,
			);
			defaultConfigurationIsVisible = 0;
			defaultConfigurationName = Release;
		};
		F409D92A1D0125A0006A3EBA /* Build configuration list for PBXNativeTarget "TicTacToe" */ = {
			isa = XCConfigurationList;
			buildConfigurations = (
				F409D92B1D0125A0006A3EBA /* Debug */,
				F409D92C1D0125A0006A3EBA /* Release */,
			);
			defaultConfigurationIsVisible = 0;
		};
/* End XCConfigurationList section */
	};
	rootObject = F409D9101D01259F006A3EBA /* Project object */;
}
