// !$*UTF8*$!
{
	archiveVersion = 1;
	classes = {
	};
	objectVersion = 46;
	objects = {

/* Begin PBXBuildFile section */
		F420FC511D0136160058E073 /* AppDelegate.swift in Sources */ = {isa = PBXBuildFile; fileRef = F420FC501D0136160058E073 /* AppDelegate.swift */; };
		F420FC531D0136160058E073 /* ViewController.swift in Sources */ = {isa = PBXBuildFile; fileRef = F420FC521D0136160058E073 /* ViewController.swift */; };
		F420FC561D0136160058E073 /* Main.storyboard in Resources */ = {isa = PBXBuildFile; fileRef = F420FC541D0136160058E073 /* Main.storyboard */; };
		F420FC581D0136160058E073 /* Assets.xcassets in Resources */ = {isa = PBXBuildFile; fileRef = F420FC571D0136160058E073 /* Assets.xcassets */; };
		F420FC5B1D0136160058E073 /* LaunchScreen.storyboard in Resources */ = {isa = PBXBuildFile; fileRef = F420FC591D0136160058E073 /* LaunchScreen.storyboard */; };
		F420FC651D02118C0058E073 /* WildestDreams.mp3 in Resources */ = {isa = PBXBuildFile; fileRef = F420FC641D02118C0058E073 /* WildestDreams.mp3 */; };
		F420FC671D02126B0058E073 /* StressedOut.mp3 in Resources */ = {isa = PBXBuildFile; fileRef = F420FC661D02126B0058E073 /* StressedOut.mp3 */; };
		F420FC691D0212D70058E073 /* ALittleFaster.mp3 in Resources */ = {isa = PBXBuildFile; fileRef = F420FC681D0212D70058E073 /* ALittleFaster.mp3 */; };
		F420FC6B1D0213960058E073 /* MeMyselfAndI.mp3 in Resources */ = {isa = PBXBuildFile; fileRef = F420FC6A1D0213960058E073 /* MeMyselfAndI.mp3 */; };
/* End PBXBuildFile section */

/* Begin PBXFileReference section */
		F420FC4D1D0136160058E073 /* IpodClassic.app */ = {isa = PBXFileReference; explicitFileType = wrapper.application; includeInIndex = 0; path = IpodClassic.app; sourceTree = BUILT_PRODUCTS_DIR; };
		F420FC501D0136160058E073 /* AppDelegate.swift */ = {isa = PBXFileReference; lastKnownFileType = sourcecode.swift; path = AppDelegate.swift; sourceTree = "<group>"; };
		F420FC521D0136160058E073 /* ViewController.swift */ = {isa = PBXFileReference; lastKnownFileType = sourcecode.swift; path = ViewController.swift; sourceTree = "<group>"; };
		F420FC551D0136160058E073 /* Base */ = {isa = PBXFileReference; lastKnownFileType = file.storyboard; name = Base; path = Base.lproj/Main.storyboard; sourceTree = "<group>"; };
		F420FC571D0136160058E073 /* Assets.xcassets */ = {isa = PBXFileReference; lastKnownFileType = folder.assetcatalog; path = Assets.xcassets; sourceTree = "<group>"; };
		F420FC5A1D0136160058E073 /* Base */ = {isa = PBXFileReference; lastKnownFileType = file.storyboard; name = Base; path = Base.lproj/LaunchScreen.storyboard; sourceTree = "<group>"; };
		F420FC5C1D0136160058E073 /* Info.plist */ = {isa = PBXFileReference; lastKnownFileType = text.plist.xml; path = Info.plist; sourceTree = "<group>"; };
		F420FC641D02118C0058E073 /* WildestDreams.mp3 */ = {isa = PBXFileReference; lastKnownFileType = audio.mp3; path = WildestDreams.mp3; sourceTree = "<group>"; };
		F420FC661D02126B0058E073 /* StressedOut.mp3 */ = {isa = PBXFileReference; lastKnownFileType = audio.mp3; path = StressedOut.mp3; sourceTree = "<group>"; };
		F420FC681D0212D70058E073 /* ALittleFaster.mp3 */ = {isa = PBXFileReference; lastKnownFileType = audio.mp3; path = ALittleFaster.mp3; sourceTree = "<group>"; };
		F420FC6A1D0213960058E073 /* MeMyselfAndI.mp3 */ = {isa = PBXFileReference; lastKnownFileType = audio.mp3; path = MeMyselfAndI.mp3; sourceTree = "<group>"; };
/* End PBXFileReference section */

/* Begin PBXFrameworksBuildPhase section */
		F420FC4A1D0136160058E073 /* Frameworks */ = {
			isa = PBXFrameworksBuildPhase;
			buildActionMask = 2147483647;
			files = (
			);
			runOnlyForDeploymentPostprocessing = 0;
		};
/* End PBXFrameworksBuildPhase section */

/* Begin PBXGroup section */
		F420FC441D0136160058E073 = {
			isa = PBXGroup;
			children = (
				F420FC4F1D0136160058E073 /* IpodClassic */,
				F420FC4E1D0136160058E073 /* Products */,
			);
			sourceTree = "<group>";
		};
		F420FC4E1D0136160058E073 /* Products */ = {
			isa = PBXGroup;
			children = (
				F420FC4D1D0136160058E073 /* IpodClassic.app */,
			);
			name = Products;
			sourceTree = "<group>";
		};
		F420FC4F1D0136160058E073 /* IpodClassic */ = {
			isa = PBXGroup;
			children = (
				F420FC641D02118C0058E073 /* WildestDreams.mp3 */,
				F420FC6A1D0213960058E073 /* MeMyselfAndI.mp3 */,
				F420FC681D0212D70058E073 /* ALittleFaster.mp3 */,
				F420FC661D02126B0058E073 /* StressedOut.mp3 */,
				F420FC501D0136160058E073 /* AppDelegate.swift */,
				F420FC521D0136160058E073 /* ViewController.swift */,
				F420FC541D0136160058E073 /* Main.storyboard */,
				F420FC571D0136160058E073 /* Assets.xcassets */,
				F420FC591D0136160058E073 /* LaunchScreen.storyboard */,
				F420FC5C1D0136160058E073 /* Info.plist */,
			);
			path = IpodClassic;
			sourceTree = "<group>";
		};
/* End PBXGroup section */

/* Begin PBXNativeTarget section */
		F420FC4C1D0136160058E073 /* IpodClassic */ = {
			isa = PBXNativeTarget;
			buildConfigurationList = F420FC5F1D0136160058E073 /* Build configuration list for PBXNativeTarget "IpodClassic" */;
			buildPhases = (
				F420FC491D0136160058E073 /* Sources */,
				F420FC4A1D0136160058E073 /* Frameworks */,
				F420FC4B1D0136160058E073 /* Resources */,
			);
			buildRules = (
			);
			dependencies = (
			);
			name = IpodClassic;
			productName = IpodClassic;
			productReference = F420FC4D1D0136160058E073 /* IpodClassic.app */;
			productType = "com.apple.product-type.application";
		};
/* End PBXNativeTarget section */

/* Begin PBXProject section */
		F420FC451D0136160058E073 /* Project object */ = {
			isa = PBXProject;
			attributes = {
				LastSwiftUpdateCheck = 0730;
				LastUpgradeCheck = 0730;
				ORGANIZATIONNAME = "Clint Jellesed";
				TargetAttributes = {
					F420FC4C1D0136160058E073 = {
						CreatedOnToolsVersion = 7.3;
					};
				};
			};
			buildConfigurationList = F420FC481D0136160058E073 /* Build configuration list for PBXProject "IpodClassic" */;
			compatibilityVersion = "Xcode 3.2";
			developmentRegion = English;
			hasScannedForEncodings = 0;
			knownRegions = (
				en,
				Base,
			);
			mainGroup = F420FC441D0136160058E073;
			productRefGroup = F420FC4E1D0136160058E073 /* Products */;
			projectDirPath = "";
			projectRoot = "";
			targets = (
				F420FC4C1D0136160058E073 /* IpodClassic */,
			);
		};
/* End PBXProject section */

/* Begin PBXResourcesBuildPhase section */
		F420FC4B1D0136160058E073 /* Resources */ = {
			isa = PBXResourcesBuildPhase;
			buildActionMask = 2147483647;
			files = (
				F420FC6B1D0213960058E073 /* MeMyselfAndI.mp3 in Resources */,
				F420FC5B1D0136160058E073 /* LaunchScreen.storyboard in Resources */,
				F420FC651D02118C0058E073 /* WildestDreams.mp3 in Resources */,
				F420FC671D02126B0058E073 /* StressedOut.mp3 in Resources */,
				F420FC691D0212D70058E073 /* ALittleFaster.mp3 in Resources */,
				F420FC581D0136160058E073 /* Assets.xcassets in Resources */,
				F420FC561D0136160058E073 /* Main.storyboard in Resources */,
			);
			runOnlyForDeploymentPostprocessing = 0;
		};
/* End PBXResourcesBuildPhase section */

/* Begin PBXSourcesBuildPhase section */
		F420FC491D0136160058E073 /* Sources */ = {
			isa = PBXSourcesBuildPhase;
			buildActionMask = 2147483647;
			files = (
				F420FC531D0136160058E073 /* ViewController.swift in Sources */,
				F420FC511D0136160058E073 /* AppDelegate.swift in Sources */,
			);
			runOnlyForDeploymentPostprocessing = 0;
		};
/* End PBXSourcesBuildPhase section */

/* Begin PBXVariantGroup section */
		F420FC541D0136160058E073 /* Main.storyboard */ = {
			isa = PBXVariantGroup;
			children = (
				F420FC551D0136160058E073 /* Base */,
			);
			name = Main.storyboard;
			sourceTree = "<group>";
		};
		F420FC591D0136160058E073 /* LaunchScreen.storyboard */ = {
			isa = PBXVariantGroup;
			children = (
				F420FC5A1D0136160058E073 /* Base */,
			);
			name = LaunchScreen.storyboard;
			sourceTree = "<group>";
		};
/* End PBXVariantGroup section */

/* Begin XCBuildConfiguration section */
		F420FC5D1D0136160058E073 /* Debug */ = {
			isa = XCBuildConfiguration;
			buildSettings = {
				ALWAYS_SEARCH_USER_PATHS = NO;
				CLANG_ANALYZER_NONNULL = YES;
				CLANG_CXX_LANGUAGE_STANDARD = "gnu++0x";
				CLANG_CXX_LIBRARY = "libc++";
				CLANG_ENABLE_MODULES = YES;
				CLANG_ENABLE_OBJC_ARC = YES;
				CLANG_WARN_BOOL_CONVERSION = YES;
				CLANG_WARN_CONSTANT_CONVERSION = YES;
				CLANG_WARN_DIRECT_OBJC_ISA_USAGE = YES_ERROR;
				CLANG_WARN_EMPTY_BODY = YES;
				CLANG_WARN_ENUM_CONVERSION = YES;
				CLANG_WARN_INT_CONVERSION = YES;
				CLANG_WARN_OBJC_ROOT_CLASS = YES_ERROR;
				CLANG_WARN_UNREACHABLE_CODE = YES;
				CLANG_WARN__DUPLICATE_METHOD_MATCH = YES;
				"CODE_SIGN_IDENTITY[sdk=iphoneos*]" = "iPhone Developer";
				COPY_PHASE_STRIP = NO;
				DEBUG_INFORMATION_FORMAT = dwarf;
				ENABLE_STRICT_OBJC_MSGSEND = YES;
				ENABLE_TESTABILITY = YES;
				GCC_C_LANGUAGE_STANDARD = gnu99;
				GCC_DYNAMIC_NO_PIC = NO;
				GCC_NO_COMMON_BLOCKS = YES;
				GCC_OPTIMIZATION_LEVEL = 0;
				GCC_PREPROCESSOR_DEFINITIONS = (
					"DEBUG=1",
					"$(inherited)",
				);
				GCC_WARN_64_TO_32_BIT_CONVERSION = YES;
				GCC_WARN_ABOUT_RETURN_TYPE = YES_ERROR;
				GCC_WARN_UNDECLARED_SELECTOR = YES;
				GCC_WARN_UNINITIALIZED_AUTOS = YES_AGGRESSIVE;
				GCC_WARN_UNUSED_FUNCTION = YES;
				GCC_WARN_UNUSED_VARIABLE = YES;
				IPHONEOS_DEPLOYMENT_TARGET = 9.3;
				MTL_ENABLE_DEBUG_INFO = YES;
				ONLY_ACTIVE_ARCH = YES;
				SDKROOT = iphoneos;
				SWIFT_OPTIMIZATION_LEVEL = "-Onone";
			};
			name = Debug;
		};
		F420FC5E1D0136160058E073 /* Release */ = {
			isa = XCBuildConfiguration;
			buildSettings = {
				ALWAYS_SEARCH_USER_PATHS = NO;
				CLANG_ANALYZER_NONNULL = YES;
				CLANG_CXX_LANGUAGE_STANDARD = "gnu++0x";
				CLANG_CXX_LIBRARY = "libc++";
				CLANG_ENABLE_MODULES = YES;
				CLANG_ENABLE_OBJC_ARC = YES;
				CLANG_WARN_BOOL_CONVERSION = YES;
				CLANG_WARN_CONSTANT_CONVERSION = YES;
				CLANG_WARN_DIRECT_OBJC_ISA_USAGE = YES_ERROR;
				CLANG_WARN_EMPTY_BODY = YES;
				CLANG_WARN_ENUM_CONVERSION = YES;
				CLANG_WARN_INT_CONVERSION = YES;
				CLANG_WARN_OBJC_ROOT_CLASS = YES_ERROR;
				CLANG_WARN_UNREACHABLE_CODE = YES;
				CLANG_WARN__DUPLICATE_METHOD_MATCH = YES;
				"CODE_SIGN_IDENTITY[sdk=iphoneos*]" = "iPhone Developer";
				COPY_PHASE_STRIP = NO;
				DEBUG_INFORMATION_FORMAT = "dwarf-with-dsym";
				ENABLE_NS_ASSERTIONS = NO;
				ENABLE_STRICT_OBJC_MSGSEND = YES;
				GCC_C_LANGUAGE_STANDARD = gnu99;
				GCC_NO_COMMON_BLOCKS = YES;
				GCC_WARN_64_TO_32_BIT_CONVERSION = YES;
				GCC_WARN_ABOUT_RETURN_TYPE = YES_ERROR;
				GCC_WARN_UNDECLARED_SELECTOR = YES;
				GCC_WARN_UNINITIALIZED_AUTOS = YES_AGGRESSIVE;
				GCC_WARN_UNUSED_FUNCTION = YES;
				GCC_WARN_UNUSED_VARIABLE = YES;
				IPHONEOS_DEPLOYMENT_TARGET = 9.3;
				MTL_ENABLE_DEBUG_INFO = NO;
				SDKROOT = iphoneos;
				VALIDATE_PRODUCT = YES;
			};
			name = Release;
		};
		F420FC601D0136160058E073 /* Debug */ = {
			isa = XCBuildConfiguration;
			buildSettings = {
				ASSETCATALOG_COMPILER_APPICON_NAME = AppIcon;
				INFOPLIST_FILE = IpodClassic/Info.plist;
				LD_RUNPATH_SEARCH_PATHS = "$(inherited) @executable_path/Frameworks";
				PRODUCT_BUNDLE_IDENTIFIER = Student.IpodClassic;
				PRODUCT_NAME = "$(TARGET_NAME)";
			};
			name = Debug;
		};
		F420FC611D0136160058E073 /* Release */ = {
			isa = XCBuildConfiguration;
			buildSettings = {
				ASSETCATALOG_COMPILER_APPICON_NAME = AppIcon;
				INFOPLIST_FILE = IpodClassic/Info.plist;
				LD_RUNPATH_SEARCH_PATHS = "$(inherited) @executable_path/Frameworks";
				PRODUCT_BUNDLE_IDENTIFIER = Student.IpodClassic;
				PRODUCT_NAME = "$(TARGET_NAME)";
			};
			name = Release;
		};
/* End XCBuildConfiguration section */

/* Begin XCConfigurationList section */
		F420FC481D0136160058E073 /* Build configuration list for PBXProject "IpodClassic" */ = {
			isa = XCConfigurationList;
			buildConfigurations = (
				F420FC5D1D0136160058E073 /* Debug */,
				F420FC5E1D0136160058E073 /* Release */,
			);
			defaultConfigurationIsVisible = 0;
			defaultConfigurationName = Release;
		};
		F420FC5F1D0136160058E073 /* Build configuration list for PBXNativeTarget "IpodClassic" */ = {
			isa = XCConfigurationList;
			buildConfigurations = (
				F420FC601D0136160058E073 /* Debug */,
				F420FC611D0136160058E073 /* Release */,
			);
			defaultConfigurationIsVisible = 0;
			defaultConfigurationName = Release;
		};
/* End XCConfigurationList section */
	};
	rootObject = F420FC451D0136160058E073 /* Project object */;
}
